
Microsoft Visual Studio Solution File, Format Version 12.00
# Visual Studio Version 17
VisualStudioVersion = 17.8.34511.84
MinimumVisualStudioVersion = 10.0.40219.1
Project("{FAE04EC0-301F-11D3-BF4B-00C04F79EFBC}") = "Menor_Tres", "Menor_Tres\Menor_Tres.csproj", "{AD56FA5A-EB67-4925-8D7F-3CD78B792D77}"
EndProject
Global
	GlobalSection(SolutionConfigurationPlatforms) = preSolution
		Debug|Any CPU = Debug|Any CPU
		Release|Any CPU = Release|Any CPU
	EndGlobalSection
	GlobalSection(ProjectConfigurationPlatforms) = postSolution
		{AD56FA5A-EB67-4925-8D7F-3CD78B792D77}.Debug|Any CPU.ActiveCfg = Debug|Any CPU
		{AD56FA5A-EB67-4925-8D7F-3CD78B792D77}.Debug|Any CPU.Build.0 = Debug|Any CPU
		{AD56FA5A-EB67-4925-8D7F-3CD78B792D77}.Release|Any CPU.ActiveCfg = Release|Any CPU
		{AD56FA5A-EB67-4925-8D7F-3CD78B792D77}.Release|Any CPU.Build.0 = Release|Any CPU
	EndGlobalSection
	GlobalSection(SolutionProperties) = preSolution
		HideSolutionNode = FALSE
	EndGlobalSection
	GlobalSection(ExtensibilityGlobals) = postSolution
		SolutionGuid = {59B979DA-A792-4924-9D31-A330169BA950}
	EndGlobalSection
EndGlobal
