
Microsoft Visual Studio Solution File, Format Version 12.00
# Visual Studio Version 17
VisualStudioVersion = 17.8.34511.84
MinimumVisualStudioVersion = 10.0.40219.1
Project("{FAE04EC0-301F-11D3-BF4B-00C04F79EFBC}") = "Problema_Matriz_Geral", "Problema_Matriz_Geral\Problema_Matriz_Geral.csproj", "{DB96C993-906F-4347-AC1C-346E15D49484}"
EndProject
Global
	GlobalSection(SolutionConfigurationPlatforms) = preSolution
		Debug|Any CPU = Debug|Any CPU
		Release|Any CPU = Release|Any CPU
	EndGlobalSection
	GlobalSection(ProjectConfigurationPlatforms) = postSolution
		{DB96C993-906F-4347-AC1C-346E15D49484}.Debug|Any CPU.ActiveCfg = Debug|Any CPU
		{DB96C993-906F-4347-AC1C-346E15D49484}.Debug|Any CPU.Build.0 = Debug|Any CPU
		{DB96C993-906F-4347-AC1C-346E15D49484}.Release|Any CPU.ActiveCfg = Release|Any CPU
		{DB96C993-906F-4347-AC1C-346E15D49484}.Release|Any CPU.Build.0 = Release|Any CPU
	EndGlobalSection
	GlobalSection(SolutionProperties) = preSolution
		HideSolutionNode = FALSE
	EndGlobalSection
	GlobalSection(ExtensibilityGlobals) = postSolution
		SolutionGuid = {7521CA5E-EC04-4264-8F01-8B4927298CD4}
	EndGlobalSection
EndGlobal
