
Microsoft Visual Studio Solution File, Format Version 12.00
# Visual Studio Version 17
VisualStudioVersion = 17.8.34511.84
MinimumVisualStudioVersion = 10.0.40219.1
Project("{FAE04EC0-301F-11D3-BF4B-00C04F79EFBC}") = "Problema_Dardos", "Problema_Dardos\Problema_Dardos.csproj", "{A0EAB197-EFC3-4911-BC4F-1020CBBC5F42}"
EndProject
Global
	GlobalSection(SolutionConfigurationPlatforms) = preSolution
		Debug|Any CPU = Debug|Any CPU
		Release|Any CPU = Release|Any CPU
	EndGlobalSection
	GlobalSection(ProjectConfigurationPlatforms) = postSolution
		{A0EAB197-EFC3-4911-BC4F-1020CBBC5F42}.Debug|Any CPU.ActiveCfg = Debug|Any CPU
		{A0EAB197-EFC3-4911-BC4F-1020CBBC5F42}.Debug|Any CPU.Build.0 = Debug|Any CPU
		{A0EAB197-EFC3-4911-BC4F-1020CBBC5F42}.Release|Any CPU.ActiveCfg = Release|Any CPU
		{A0EAB197-EFC3-4911-BC4F-1020CBBC5F42}.Release|Any CPU.Build.0 = Release|Any CPU
	EndGlobalSection
	GlobalSection(SolutionProperties) = preSolution
		HideSolutionNode = FALSE
	EndGlobalSection
	GlobalSection(ExtensibilityGlobals) = postSolution
		SolutionGuid = {EA79A406-FEB8-4D36-8AE2-1A631B64D613}
	EndGlobalSection
EndGlobal
