
Microsoft Visual Studio Solution File, Format Version 12.00
# Visual Studio Version 17
VisualStudioVersion = 17.8.34511.84
MinimumVisualStudioVersion = 10.0.40219.1
Project("{FAE04EC0-301F-11D3-BF4B-00C04F79EFBC}") = "Problema_Lanchonete", "Problema_Lanchonete\Problema_Lanchonete.csproj", "{9A3F4931-054D-4CE7-B45F-88F4B9411214}"
EndProject
Global
	GlobalSection(SolutionConfigurationPlatforms) = preSolution
		Debug|Any CPU = Debug|Any CPU
		Release|Any CPU = Release|Any CPU
	EndGlobalSection
	GlobalSection(ProjectConfigurationPlatforms) = postSolution
		{9A3F4931-054D-4CE7-B45F-88F4B9411214}.Debug|Any CPU.ActiveCfg = Debug|Any CPU
		{9A3F4931-054D-4CE7-B45F-88F4B9411214}.Debug|Any CPU.Build.0 = Debug|Any CPU
		{9A3F4931-054D-4CE7-B45F-88F4B9411214}.Release|Any CPU.ActiveCfg = Release|Any CPU
		{9A3F4931-054D-4CE7-B45F-88F4B9411214}.Release|Any CPU.Build.0 = Release|Any CPU
	EndGlobalSection
	GlobalSection(SolutionProperties) = preSolution
		HideSolutionNode = FALSE
	EndGlobalSection
	GlobalSection(ExtensibilityGlobals) = postSolution
		SolutionGuid = {F6F77513-BFFD-40F7-B9A7-2B0B0A558AB3}
	EndGlobalSection
EndGlobal
