
Microsoft Visual Studio Solution File, Format Version 12.00
# Visual Studio Version 17
VisualStudioVersion = 17.8.34511.84
MinimumVisualStudioVersion = 10.0.40219.1
Project("{FAE04EC0-301F-11D3-BF4B-00C04F79EFBC}") = "Problema_Combustivel", "Problema_Combustivel\Problema_Combustivel.csproj", "{65F6EA6A-8CF4-4AB3-8FB1-1B017954A732}"
EndProject
Global
	GlobalSection(SolutionConfigurationPlatforms) = preSolution
		Debug|Any CPU = Debug|Any CPU
		Release|Any CPU = Release|Any CPU
	EndGlobalSection
	GlobalSection(ProjectConfigurationPlatforms) = postSolution
		{65F6EA6A-8CF4-4AB3-8FB1-1B017954A732}.Debug|Any CPU.ActiveCfg = Debug|Any CPU
		{65F6EA6A-8CF4-4AB3-8FB1-1B017954A732}.Debug|Any CPU.Build.0 = Debug|Any CPU
		{65F6EA6A-8CF4-4AB3-8FB1-1B017954A732}.Release|Any CPU.ActiveCfg = Release|Any CPU
		{65F6EA6A-8CF4-4AB3-8FB1-1B017954A732}.Release|Any CPU.Build.0 = Release|Any CPU
	EndGlobalSection
	GlobalSection(SolutionProperties) = preSolution
		HideSolutionNode = FALSE
	EndGlobalSection
	GlobalSection(ExtensibilityGlobals) = postSolution
		SolutionGuid = {45C8110D-06E4-4EC8-8D2E-A7ACA5B0FD44}
	EndGlobalSection
EndGlobal
