
Microsoft Visual Studio Solution File, Format Version 12.00
# Visual Studio Version 17
VisualStudioVersion = 17.8.34511.84
MinimumVisualStudioVersion = 10.0.40219.1
Project("{FAE04EC0-301F-11D3-BF4B-00C04F79EFBC}") = "Problema_Tabuada", "Problema_Tabuada\Problema_Tabuada.csproj", "{BC13A09B-29F5-41F4-BCE2-14C82F77EDD0}"
EndProject
Global
	GlobalSection(SolutionConfigurationPlatforms) = preSolution
		Debug|Any CPU = Debug|Any CPU
		Release|Any CPU = Release|Any CPU
	EndGlobalSection
	GlobalSection(ProjectConfigurationPlatforms) = postSolution
		{BC13A09B-29F5-41F4-BCE2-14C82F77EDD0}.Debug|Any CPU.ActiveCfg = Debug|Any CPU
		{BC13A09B-29F5-41F4-BCE2-14C82F77EDD0}.Debug|Any CPU.Build.0 = Debug|Any CPU
		{BC13A09B-29F5-41F4-BCE2-14C82F77EDD0}.Release|Any CPU.ActiveCfg = Release|Any CPU
		{BC13A09B-29F5-41F4-BCE2-14C82F77EDD0}.Release|Any CPU.Build.0 = Release|Any CPU
	EndGlobalSection
	GlobalSection(SolutionProperties) = preSolution
		HideSolutionNode = FALSE
	EndGlobalSection
	GlobalSection(ExtensibilityGlobals) = postSolution
		SolutionGuid = {BD650019-B70A-456E-9F3E-11A51DE288B8}
	EndGlobalSection
EndGlobal
