
Microsoft Visual Studio Solution File, Format Version 12.00
# Visual Studio Version 17
VisualStudioVersion = 17.8.34511.84
MinimumVisualStudioVersion = 10.0.40219.1
Project("{FAE04EC0-301F-11D3-BF4B-00C04F79EFBC}") = "Diagonal_Negativos", "Diagonal_Negativos\Diagonal_Negativos.csproj", "{C93B922D-06FA-424F-8C20-21E0EFC8FDEE}"
EndProject
Global
	GlobalSection(SolutionConfigurationPlatforms) = preSolution
		Debug|Any CPU = Debug|Any CPU
		Release|Any CPU = Release|Any CPU
	EndGlobalSection
	GlobalSection(ProjectConfigurationPlatforms) = postSolution
		{C93B922D-06FA-424F-8C20-21E0EFC8FDEE}.Debug|Any CPU.ActiveCfg = Debug|Any CPU
		{C93B922D-06FA-424F-8C20-21E0EFC8FDEE}.Debug|Any CPU.Build.0 = Debug|Any CPU
		{C93B922D-06FA-424F-8C20-21E0EFC8FDEE}.Release|Any CPU.ActiveCfg = Release|Any CPU
		{C93B922D-06FA-424F-8C20-21E0EFC8FDEE}.Release|Any CPU.Build.0 = Release|Any CPU
	EndGlobalSection
	GlobalSection(SolutionProperties) = preSolution
		HideSolutionNode = FALSE
	EndGlobalSection
	GlobalSection(ExtensibilityGlobals) = postSolution
		SolutionGuid = {1E455515-5623-4D80-ADED-6FC0E0040CC6}
	EndGlobalSection
EndGlobal
