
Microsoft Visual Studio Solution File, Format Version 12.00
# Visual Studio Version 17
VisualStudioVersion = 17.8.34511.84
MinimumVisualStudioVersion = 10.0.40219.1
Project("{FAE04EC0-301F-11D3-BF4B-00C04F79EFBC}") = "Problema_QuadranteWhile", "Problema_QuadranteWhile\Problema_QuadranteWhile.csproj", "{237AA1B5-0CB9-4B58-99B2-A0F1D572E295}"
EndProject
Global
	GlobalSection(SolutionConfigurationPlatforms) = preSolution
		Debug|Any CPU = Debug|Any CPU
		Release|Any CPU = Release|Any CPU
	EndGlobalSection
	GlobalSection(ProjectConfigurationPlatforms) = postSolution
		{237AA1B5-0CB9-4B58-99B2-A0F1D572E295}.Debug|Any CPU.ActiveCfg = Debug|Any CPU
		{237AA1B5-0CB9-4B58-99B2-A0F1D572E295}.Debug|Any CPU.Build.0 = Debug|Any CPU
		{237AA1B5-0CB9-4B58-99B2-A0F1D572E295}.Release|Any CPU.ActiveCfg = Release|Any CPU
		{237AA1B5-0CB9-4B58-99B2-A0F1D572E295}.Release|Any CPU.Build.0 = Release|Any CPU
	EndGlobalSection
	GlobalSection(SolutionProperties) = preSolution
		HideSolutionNode = FALSE
	EndGlobalSection
	GlobalSection(ExtensibilityGlobals) = postSolution
		SolutionGuid = {0D5CF86E-FD29-498F-831E-4B2648D627F4}
	EndGlobalSection
EndGlobal
