
Microsoft Visual Studio Solution File, Format Version 12.00
# Visual Studio Version 17
VisualStudioVersion = 17.8.34511.84
MinimumVisualStudioVersion = 10.0.40219.1
Project("{FAE04EC0-301F-11D3-BF4B-00C04F79EFBC}") = "Problema_Temperatura", "Problema_Temperatura\Problema_Temperatura.csproj", "{C716AA13-7268-4354-BD71-D72389E61DD0}"
EndProject
Global
	GlobalSection(SolutionConfigurationPlatforms) = preSolution
		Debug|Any CPU = Debug|Any CPU
		Release|Any CPU = Release|Any CPU
	EndGlobalSection
	GlobalSection(ProjectConfigurationPlatforms) = postSolution
		{C716AA13-7268-4354-BD71-D72389E61DD0}.Debug|Any CPU.ActiveCfg = Debug|Any CPU
		{C716AA13-7268-4354-BD71-D72389E61DD0}.Debug|Any CPU.Build.0 = Debug|Any CPU
		{C716AA13-7268-4354-BD71-D72389E61DD0}.Release|Any CPU.ActiveCfg = Release|Any CPU
		{C716AA13-7268-4354-BD71-D72389E61DD0}.Release|Any CPU.Build.0 = Release|Any CPU
	EndGlobalSection
	GlobalSection(SolutionProperties) = preSolution
		HideSolutionNode = FALSE
	EndGlobalSection
	GlobalSection(ExtensibilityGlobals) = postSolution
		SolutionGuid = {16ABA38E-6E89-48C2-ABCE-6ECD27B6A63B}
	EndGlobalSection
EndGlobal
