
Microsoft Visual Studio Solution File, Format Version 12.00
# Visual Studio Version 17
VisualStudioVersion = 17.8.34511.84
MinimumVisualStudioVersion = 10.0.40219.1
Project("{FAE04EC0-301F-11D3-BF4B-00C04F79EFBC}") = "Primeiro", "Primeiro\Primeiro.csproj", "{63A9D991-17EB-487A-A08A-F470A1B55199}"
EndProject
Global
	GlobalSection(SolutionConfigurationPlatforms) = preSolution
		Debug|Any CPU = Debug|Any CPU
		Release|Any CPU = Release|Any CPU
	EndGlobalSection
	GlobalSection(ProjectConfigurationPlatforms) = postSolution
		{63A9D991-17EB-487A-A08A-F470A1B55199}.Debug|Any CPU.ActiveCfg = Debug|Any CPU
		{63A9D991-17EB-487A-A08A-F470A1B55199}.Debug|Any CPU.Build.0 = Debug|Any CPU
		{63A9D991-17EB-487A-A08A-F470A1B55199}.Release|Any CPU.ActiveCfg = Release|Any CPU
		{63A9D991-17EB-487A-A08A-F470A1B55199}.Release|Any CPU.Build.0 = Release|Any CPU
	EndGlobalSection
	GlobalSection(SolutionProperties) = preSolution
		HideSolutionNode = FALSE
	EndGlobalSection
	GlobalSection(ExtensibilityGlobals) = postSolution
		SolutionGuid = {8730B80D-A600-4AB5-9FA6-52A9F01F9717}
	EndGlobalSection
EndGlobal
