
Microsoft Visual Studio Solution File, Format Version 12.00
# Visual Studio Version 17
VisualStudioVersion = 17.8.34511.84
MinimumVisualStudioVersion = 10.0.40219.1
Project("{FAE04EC0-301F-11D3-BF4B-00C04F79EFBC}") = "Problema_Abaixo_Media", "Problema_Abaixo_Media\Problema_Abaixo_Media.csproj", "{6B94F3C1-2363-4A4B-B8EE-5249BD08D18E}"
EndProject
Global
	GlobalSection(SolutionConfigurationPlatforms) = preSolution
		Debug|Any CPU = Debug|Any CPU
		Release|Any CPU = Release|Any CPU
	EndGlobalSection
	GlobalSection(ProjectConfigurationPlatforms) = postSolution
		{6B94F3C1-2363-4A4B-B8EE-5249BD08D18E}.Debug|Any CPU.ActiveCfg = Debug|Any CPU
		{6B94F3C1-2363-4A4B-B8EE-5249BD08D18E}.Debug|Any CPU.Build.0 = Debug|Any CPU
		{6B94F3C1-2363-4A4B-B8EE-5249BD08D18E}.Release|Any CPU.ActiveCfg = Release|Any CPU
		{6B94F3C1-2363-4A4B-B8EE-5249BD08D18E}.Release|Any CPU.Build.0 = Release|Any CPU
	EndGlobalSection
	GlobalSection(SolutionProperties) = preSolution
		HideSolutionNode = FALSE
	EndGlobalSection
	GlobalSection(ExtensibilityGlobals) = postSolution
		SolutionGuid = {A0016F07-7E4D-4DE0-A552-37C301668986}
	EndGlobalSection
EndGlobal
