
Microsoft Visual Studio Solution File, Format Version 12.00
# Visual Studio Version 17
VisualStudioVersion = 17.8.34511.84
MinimumVisualStudioVersion = 10.0.40219.1
Project("{FAE04EC0-301F-11D3-BF4B-00C04F79EFBC}") = "Problema_Coordenadas", "Problema_Coordenadas\Problema_Coordenadas.csproj", "{1B881E9A-6079-4FAF-BB24-7A657D1A3AAD}"
EndProject
Global
	GlobalSection(SolutionConfigurationPlatforms) = preSolution
		Debug|Any CPU = Debug|Any CPU
		Release|Any CPU = Release|Any CPU
	EndGlobalSection
	GlobalSection(ProjectConfigurationPlatforms) = postSolution
		{1B881E9A-6079-4FAF-BB24-7A657D1A3AAD}.Debug|Any CPU.ActiveCfg = Debug|Any CPU
		{1B881E9A-6079-4FAF-BB24-7A657D1A3AAD}.Debug|Any CPU.Build.0 = Debug|Any CPU
		{1B881E9A-6079-4FAF-BB24-7A657D1A3AAD}.Release|Any CPU.ActiveCfg = Release|Any CPU
		{1B881E9A-6079-4FAF-BB24-7A657D1A3AAD}.Release|Any CPU.Build.0 = Release|Any CPU
	EndGlobalSection
	GlobalSection(SolutionProperties) = preSolution
		HideSolutionNode = FALSE
	EndGlobalSection
	GlobalSection(ExtensibilityGlobals) = postSolution
		SolutionGuid = {A292C412-9DDC-4A49-AD6D-FA8B64866D2D}
	EndGlobalSection
EndGlobal
