
Microsoft Visual Studio Solution File, Format Version 12.00
# Visual Studio Version 17
VisualStudioVersion = 17.8.34511.84
MinimumVisualStudioVersion = 10.0.40219.1
Project("{FAE04EC0-301F-11D3-BF4B-00C04F79EFBC}") = "Problema_Vet_Negativos", "Problema_Vet_Negativos\Problema_Vet_Negativos.csproj", "{A97EAE99-807B-4A63-A82C-A248478E6E4A}"
EndProject
Global
	GlobalSection(SolutionConfigurationPlatforms) = preSolution
		Debug|Any CPU = Debug|Any CPU
		Release|Any CPU = Release|Any CPU
	EndGlobalSection
	GlobalSection(ProjectConfigurationPlatforms) = postSolution
		{A97EAE99-807B-4A63-A82C-A248478E6E4A}.Debug|Any CPU.ActiveCfg = Debug|Any CPU
		{A97EAE99-807B-4A63-A82C-A248478E6E4A}.Debug|Any CPU.Build.0 = Debug|Any CPU
		{A97EAE99-807B-4A63-A82C-A248478E6E4A}.Release|Any CPU.ActiveCfg = Release|Any CPU
		{A97EAE99-807B-4A63-A82C-A248478E6E4A}.Release|Any CPU.Build.0 = Release|Any CPU
	EndGlobalSection
	GlobalSection(SolutionProperties) = preSolution
		HideSolutionNode = FALSE
	EndGlobalSection
	GlobalSection(ExtensibilityGlobals) = postSolution
		SolutionGuid = {8743F1D7-91DB-4562-9B31-0BBAD26E9D0F}
	EndGlobalSection
EndGlobal
