
Microsoft Visual Studio Solution File, Format Version 12.00
# Visual Studio Version 17
VisualStudioVersion = 17.8.34511.84
MinimumVisualStudioVersion = 10.0.40219.1
Project("{FAE04EC0-301F-11D3-BF4B-00C04F79EFBC}") = "Problema_ValidacaoNotas", "Problema_ValidacaoNotas\Problema_ValidacaoNotas.csproj", "{129DAA79-3E83-43E5-AFBB-05630461E8E9}"
EndProject
Global
	GlobalSection(SolutionConfigurationPlatforms) = preSolution
		Debug|Any CPU = Debug|Any CPU
		Release|Any CPU = Release|Any CPU
	EndGlobalSection
	GlobalSection(ProjectConfigurationPlatforms) = postSolution
		{129DAA79-3E83-43E5-AFBB-05630461E8E9}.Debug|Any CPU.ActiveCfg = Debug|Any CPU
		{129DAA79-3E83-43E5-AFBB-05630461E8E9}.Debug|Any CPU.Build.0 = Debug|Any CPU
		{129DAA79-3E83-43E5-AFBB-05630461E8E9}.Release|Any CPU.ActiveCfg = Release|Any CPU
		{129DAA79-3E83-43E5-AFBB-05630461E8E9}.Release|Any CPU.Build.0 = Release|Any CPU
	EndGlobalSection
	GlobalSection(SolutionProperties) = preSolution
		HideSolutionNode = FALSE
	EndGlobalSection
	GlobalSection(ExtensibilityGlobals) = postSolution
		SolutionGuid = {BB372969-E6D2-48B8-BB60-BFD0750E6035}
	EndGlobalSection
EndGlobal
