
Microsoft Visual Studio Solution File, Format Version 12.00
# Visual Studio Version 17
VisualStudioVersion = 17.8.34511.84
MinimumVisualStudioVersion = 10.0.40219.1
Project("{FAE04EC0-301F-11D3-BF4B-00C04F79EFBC}") = "Problema_Multiplos", "Problema_Multiplos\Problema_Multiplos.csproj", "{340164AE-BDE0-4DDF-8644-CE18C8041493}"
EndProject
Global
	GlobalSection(SolutionConfigurationPlatforms) = preSolution
		Debug|Any CPU = Debug|Any CPU
		Release|Any CPU = Release|Any CPU
	EndGlobalSection
	GlobalSection(ProjectConfigurationPlatforms) = postSolution
		{340164AE-BDE0-4DDF-8644-CE18C8041493}.Debug|Any CPU.ActiveCfg = Debug|Any CPU
		{340164AE-BDE0-4DDF-8644-CE18C8041493}.Debug|Any CPU.Build.0 = Debug|Any CPU
		{340164AE-BDE0-4DDF-8644-CE18C8041493}.Release|Any CPU.ActiveCfg = Release|Any CPU
		{340164AE-BDE0-4DDF-8644-CE18C8041493}.Release|Any CPU.Build.0 = Release|Any CPU
	EndGlobalSection
	GlobalSection(SolutionProperties) = preSolution
		HideSolutionNode = FALSE
	EndGlobalSection
	GlobalSection(ExtensibilityGlobals) = postSolution
		SolutionGuid = {B938DA32-B9E6-4D7F-A9B0-DAB951008C9C}
	EndGlobalSection
EndGlobal
