
Microsoft Visual Studio Solution File, Format Version 12.00
# Visual Studio Version 17
VisualStudioVersion = 17.8.34511.84
MinimumVisualStudioVersion = 10.0.40219.1
Project("{FAE04EC0-301F-11D3-BF4B-00C04F79EFBC}") = "Problema_TempoDeJogo", "Problema_TempoDeJogo\Problema_TempoDeJogo.csproj", "{D5924BE1-7FAF-4984-A60B-54741CDBFCFE}"
EndProject
Global
	GlobalSection(SolutionConfigurationPlatforms) = preSolution
		Debug|Any CPU = Debug|Any CPU
		Release|Any CPU = Release|Any CPU
	EndGlobalSection
	GlobalSection(ProjectConfigurationPlatforms) = postSolution
		{D5924BE1-7FAF-4984-A60B-54741CDBFCFE}.Debug|Any CPU.ActiveCfg = Debug|Any CPU
		{D5924BE1-7FAF-4984-A60B-54741CDBFCFE}.Debug|Any CPU.Build.0 = Debug|Any CPU
		{D5924BE1-7FAF-4984-A60B-54741CDBFCFE}.Release|Any CPU.ActiveCfg = Release|Any CPU
		{D5924BE1-7FAF-4984-A60B-54741CDBFCFE}.Release|Any CPU.Build.0 = Release|Any CPU
	EndGlobalSection
	GlobalSection(SolutionProperties) = preSolution
		HideSolutionNode = FALSE
	EndGlobalSection
	GlobalSection(ExtensibilityGlobals) = postSolution
		SolutionGuid = {3B364D75-7C31-45D9-BBF8-72C6B6D2F67A}
	EndGlobalSection
EndGlobal
