
Microsoft Visual Studio Solution File, Format Version 12.00
# Visual Studio Version 17
VisualStudioVersion = 17.8.34511.84
MinimumVisualStudioVersion = 10.0.40219.1
Project("{FAE04EC0-301F-11D3-BF4B-00C04F79EFBC}") = "Problema_Pagamento", "Problema_Pagamento\Problema_Pagamento.csproj", "{02017FAC-9805-470B-A70D-850277A674DA}"
EndProject
Global
	GlobalSection(SolutionConfigurationPlatforms) = preSolution
		Debug|Any CPU = Debug|Any CPU
		Release|Any CPU = Release|Any CPU
	EndGlobalSection
	GlobalSection(ProjectConfigurationPlatforms) = postSolution
		{02017FAC-9805-470B-A70D-850277A674DA}.Debug|Any CPU.ActiveCfg = Debug|Any CPU
		{02017FAC-9805-470B-A70D-850277A674DA}.Debug|Any CPU.Build.0 = Debug|Any CPU
		{02017FAC-9805-470B-A70D-850277A674DA}.Release|Any CPU.ActiveCfg = Release|Any CPU
		{02017FAC-9805-470B-A70D-850277A674DA}.Release|Any CPU.Build.0 = Release|Any CPU
	EndGlobalSection
	GlobalSection(SolutionProperties) = preSolution
		HideSolutionNode = FALSE
	EndGlobalSection
	GlobalSection(ExtensibilityGlobals) = postSolution
		SolutionGuid = {70E4D699-27D1-45DC-BD4F-EA8F139889E0}
	EndGlobalSection
EndGlobal
