
Microsoft Visual Studio Solution File, Format Version 12.00
# Visual Studio Version 17
VisualStudioVersion = 17.8.34511.84
MinimumVisualStudioVersion = 10.0.40219.1
Project("{FAE04EC0-301F-11D3-BF4B-00C04F79EFBC}") = "Problema_Sequencia_Impares", "Problema_Sequencia_Impares\Problema_Sequencia_Impares.csproj", "{172B94E8-0C84-402D-B00E-3C5E349A394B}"
EndProject
Global
	GlobalSection(SolutionConfigurationPlatforms) = preSolution
		Debug|Any CPU = Debug|Any CPU
		Release|Any CPU = Release|Any CPU
	EndGlobalSection
	GlobalSection(ProjectConfigurationPlatforms) = postSolution
		{172B94E8-0C84-402D-B00E-3C5E349A394B}.Debug|Any CPU.ActiveCfg = Debug|Any CPU
		{172B94E8-0C84-402D-B00E-3C5E349A394B}.Debug|Any CPU.Build.0 = Debug|Any CPU
		{172B94E8-0C84-402D-B00E-3C5E349A394B}.Release|Any CPU.ActiveCfg = Release|Any CPU
		{172B94E8-0C84-402D-B00E-3C5E349A394B}.Release|Any CPU.Build.0 = Release|Any CPU
	EndGlobalSection
	GlobalSection(SolutionProperties) = preSolution
		HideSolutionNode = FALSE
	EndGlobalSection
	GlobalSection(ExtensibilityGlobals) = postSolution
		SolutionGuid = {5913F64F-0364-41B0-AF71-B93C2E2800C5}
	EndGlobalSection
EndGlobal
