
Microsoft Visual Studio Solution File, Format Version 12.00
# Visual Studio Version 17
VisualStudioVersion = 17.8.34511.84
MinimumVisualStudioVersion = 10.0.40219.1
Project("{FAE04EC0-301F-11D3-BF4B-00C04F79EFBC}") = "Problema_Soma_Linhas", "Problema_Soma_Linhas\Problema_Soma_Linhas.csproj", "{547E7FBD-0466-4228-A54E-4E84F98E7CDD}"
EndProject
Global
	GlobalSection(SolutionConfigurationPlatforms) = preSolution
		Debug|Any CPU = Debug|Any CPU
		Release|Any CPU = Release|Any CPU
	EndGlobalSection
	GlobalSection(ProjectConfigurationPlatforms) = postSolution
		{547E7FBD-0466-4228-A54E-4E84F98E7CDD}.Debug|Any CPU.ActiveCfg = Debug|Any CPU
		{547E7FBD-0466-4228-A54E-4E84F98E7CDD}.Debug|Any CPU.Build.0 = Debug|Any CPU
		{547E7FBD-0466-4228-A54E-4E84F98E7CDD}.Release|Any CPU.ActiveCfg = Release|Any CPU
		{547E7FBD-0466-4228-A54E-4E84F98E7CDD}.Release|Any CPU.Build.0 = Release|Any CPU
	EndGlobalSection
	GlobalSection(SolutionProperties) = preSolution
		HideSolutionNode = FALSE
	EndGlobalSection
	GlobalSection(ExtensibilityGlobals) = postSolution
		SolutionGuid = {E0063FC4-581B-4FB8-BD1E-D9A00DAD228C}
	EndGlobalSection
EndGlobal
