
Microsoft Visual Studio Solution File, Format Version 12.00
# Visual Studio Version 17
VisualStudioVersion = 17.8.34511.84
MinimumVisualStudioVersion = 10.0.40219.1
Project("{FAE04EC0-301F-11D3-BF4B-00C04F79EFBC}") = "Problema_Media_Pares", "Problema_Media_Pares\Problema_Media_Pares.csproj", "{9F333419-FB74-4007-B981-E5F7EFC201DA}"
EndProject
Global
	GlobalSection(SolutionConfigurationPlatforms) = preSolution
		Debug|Any CPU = Debug|Any CPU
		Release|Any CPU = Release|Any CPU
	EndGlobalSection
	GlobalSection(ProjectConfigurationPlatforms) = postSolution
		{9F333419-FB74-4007-B981-E5F7EFC201DA}.Debug|Any CPU.ActiveCfg = Debug|Any CPU
		{9F333419-FB74-4007-B981-E5F7EFC201DA}.Debug|Any CPU.Build.0 = Debug|Any CPU
		{9F333419-FB74-4007-B981-E5F7EFC201DA}.Release|Any CPU.ActiveCfg = Release|Any CPU
		{9F333419-FB74-4007-B981-E5F7EFC201DA}.Release|Any CPU.Build.0 = Release|Any CPU
	EndGlobalSection
	GlobalSection(SolutionProperties) = preSolution
		HideSolutionNode = FALSE
	EndGlobalSection
	GlobalSection(ExtensibilityGlobals) = postSolution
		SolutionGuid = {482FE45C-7593-4600-BCDB-FD5141A3CBC1}
	EndGlobalSection
EndGlobal
